// !$*UTF8*$!
{
	archiveVersion = 1;
	classes = {
	};
	objectVersion = 56;
	objects = {

/* Begin PBXBuildFile section */
		C329AA0F298865200054F058 /* NetworkQualityApp.swift in Sources */ = {isa = PBXBuildFile; fileRef = C329AA0E298865200054F058 /* NetworkQualityApp.swift */; };
		C329AA11298865200054F058 /* ContentView.swift in Sources */ = {isa = PBXBuildFile; fileRef = C329AA10298865200054F058 /* ContentView.swift */; };
		C329AA13298865220054F058 /* Assets.xcassets in Resources */ = {isa = PBXBuildFile; fileRef = C329AA12298865220054F058 /* Assets.xcassets */; };
		C329AA16298865220054F058 /* Preview Assets.xcassets in Resources */ = {isa = PBXBuildFile; fileRef = C329AA15298865220054F058 /* Preview Assets.xcassets */; };
		C329AA1F298867DB0054F058 /* Logging in Frameworks */ = {isa = PBXBuildFile; productRef = C329AA1E298867DB0054F058 /* Logging */; };
		C3A3FB5A299408E100425CAF /* DataController.swift in Sources */ = {isa = PBXBuildFile; fileRef = C3A3FB59299408E100425CAF /* DataController.swift */; };
		C3A3FB5D29940AA100425CAF /* NetworkQuality.xcdatamodeld in Sources */ = {isa = PBXBuildFile; fileRef = C3A3FB5B29940AA100425CAF /* NetworkQuality.xcdatamodeld */; };
		C3A3FB5F2994427500425CAF /* NetworkMonitor.swift in Sources */ = {isa = PBXBuildFile; fileRef = C3A3FB5E2994427500425CAF /* NetworkMonitor.swift */; };
		C3A3FB61299442BF00425CAF /* InterfaceData.swift in Sources */ = {isa = PBXBuildFile; fileRef = C3A3FB60299442BF00425CAF /* InterfaceData.swift */; };
		C3A3FB632994434500425CAF /* NetworkData.swift in Sources */ = {isa = PBXBuildFile; fileRef = C3A3FB622994434500425CAF /* NetworkData.swift */; };
		C3A3FB65299445E000425CAF /* ShellUtility.swift in Sources */ = {isa = PBXBuildFile; fileRef = C3A3FB64299445E000425CAF /* ShellUtility.swift */; };
/* End PBXBuildFile section */

/* Begin PBXFileReference section */
		C329AA0B298865200054F058 /* NetworkQuality.app */ = {isa = PBXFileReference; explicitFileType = wrapper.application; includeInIndex = 0; path = NetworkQuality.app; sourceTree = BUILT_PRODUCTS_DIR; };
		C329AA0E298865200054F058 /* NetworkQualityApp.swift */ = {isa = PBXFileReference; lastKnownFileType = sourcecode.swift; path = NetworkQualityApp.swift; sourceTree = "<group>"; };
		C329AA10298865200054F058 /* ContentView.swift */ = {isa = PBXFileReference; lastKnownFileType = sourcecode.swift; path = ContentView.swift; sourceTree = "<group>"; };
		C329AA12298865220054F058 /* Assets.xcassets */ = {isa = PBXFileReference; lastKnownFileType = folder.assetcatalog; path = Assets.xcassets; sourceTree = "<group>"; };
		C329AA15298865220054F058 /* Preview Assets.xcassets */ = {isa = PBXFileReference; lastKnownFileType = folder.assetcatalog; path = "Preview Assets.xcassets"; sourceTree = "<group>"; };
		C329AA17298865220054F058 /* NetworkQuality.entitlements */ = {isa = PBXFileReference; lastKnownFileType = text.plist.entitlements; path = NetworkQuality.entitlements; sourceTree = "<group>"; };
		C3A3FB59299408E100425CAF /* DataController.swift */ = {isa = PBXFileReference; lastKnownFileType = sourcecode.swift; path = DataController.swift; sourceTree = "<group>"; };
		C3A3FB5C29940AA100425CAF /* NetworkQuality.xcdatamodel */ = {isa = PBXFileReference; lastKnownFileType = wrapper.xcdatamodel; path = NetworkQuality.xcdatamodel; sourceTree = "<group>"; };
		C3A3FB5E2994427500425CAF /* NetworkMonitor.swift */ = {isa = PBXFileReference; lastKnownFileType = sourcecode.swift; path = NetworkMonitor.swift; sourceTree = "<group>"; };
		C3A3FB60299442BF00425CAF /* InterfaceData.swift */ = {isa = PBXFileReference; lastKnownFileType = sourcecode.swift; path = InterfaceData.swift; sourceTree = "<group>"; };
		C3A3FB622994434500425CAF /* NetworkData.swift */ = {isa = PBXFileReference; lastKnownFileType = sourcecode.swift; path = NetworkData.swift; sourceTree = "<group>"; };
		C3A3FB64299445E000425CAF /* ShellUtility.swift */ = {isa = PBXFileReference; lastKnownFileType = sourcecode.swift; path = ShellUtility.swift; sourceTree = "<group>"; };
/* End PBXFileReference section */

/* Begin PBXFrameworksBuildPhase section */
		C329AA08298865200054F058 /* Frameworks */ = {
			isa = PBXFrameworksBuildPhase;
			buildActionMask = 2147483647;
			files = (
				C329AA1F298867DB0054F058 /* Logging in Frameworks */,
			);
			runOnlyForDeploymentPostprocessing = 0;
		};
/* End PBXFrameworksBuildPhase section */

/* Begin PBXGroup section */
		C329AA02298865200054F058 = {
			isa = PBXGroup;
			children = (
				C329AA0D298865200054F058 /* NetworkQuality */,
				C329AA0C298865200054F058 /* Products */,
			);
			sourceTree = "<group>";
		};
		C329AA0C298865200054F058 /* Products */ = {
			isa = PBXGroup;
			children = (
				C329AA0B298865200054F058 /* NetworkQuality.app */,
			);
			name = Products;
			sourceTree = "<group>";
		};
		C329AA0D298865200054F058 /* NetworkQuality */ = {
			isa = PBXGroup;
			children = (
				C329AA0E298865200054F058 /* NetworkQualityApp.swift */,
				C329AA10298865200054F058 /* ContentView.swift */,
				C329AA12298865220054F058 /* Assets.xcassets */,
				C329AA17298865220054F058 /* NetworkQuality.entitlements */,
				C329AA14298865220054F058 /* Preview Content */,
				C3A3FB59299408E100425CAF /* DataController.swift */,
				C3A3FB5B29940AA100425CAF /* NetworkQuality.xcdatamodeld */,
				C3A3FB5E2994427500425CAF /* NetworkMonitor.swift */,
				C3A3FB60299442BF00425CAF /* InterfaceData.swift */,
				C3A3FB622994434500425CAF /* NetworkData.swift */,
				C3A3FB64299445E000425CAF /* ShellUtility.swift */,
			);
			path = NetworkQuality;
			sourceTree = "<group>";
		};
		C329AA14298865220054F058 /* Preview Content */ = {
			isa = PBXGroup;
			children = (
				C329AA15298865220054F058 /* Preview Assets.xcassets */,
			);
			path = "Preview Content";
			sourceTree = "<group>";
		};
/* End PBXGroup section */

/* Begin PBXNativeTarget section */
		C329AA0A298865200054F058 /* NetworkQuality */ = {
			isa = PBXNativeTarget;
			buildConfigurationList = C329AA1A298865220054F058 /* Build configuration list for PBXNativeTarget "NetworkQuality" */;
			buildPhases = (
				C329AA07298865200054F058 /* Sources */,
				C329AA08298865200054F058 /* Frameworks */,
				C329AA09298865200054F058 /* Resources */,
			);
			buildRules = (
			);
			dependencies = (
			);
			name = NetworkQuality;
			packageProductDependencies = (
				C329AA1E298867DB0054F058 /* Logging */,
			);
			productName = NetworkQuality;
			productReference = C329AA0B298865200054F058 /* NetworkQuality.app */;
			productType = "com.apple.product-type.application";
		};
/* End PBXNativeTarget section */

/* Begin PBXProject section */
		C329AA03298865200054F058 /* Project object */ = {
			isa = PBXProject;
			attributes = {
				BuildIndependentTargetsInParallel = 1;
				LastSwiftUpdateCheck = 1420;
				LastUpgradeCheck = 1420;
				TargetAttributes = {
					C329AA0A298865200054F058 = {
						CreatedOnToolsVersion = 14.2;
					};
				};
			};
			buildConfigurationList = C329AA06298865200054F058 /* Build configuration list for PBXProject "NetworkQuality" */;
			compatibilityVersion = "Xcode 14.0";
			developmentRegion = en;
			hasScannedForEncodings = 0;
			knownRegions = (
				en,
				Base,
			);
			mainGroup = C329AA02298865200054F058;
			packageReferences = (
				C329AA1D298867DB0054F058 /* XCRemoteSwiftPackageReference "swift-log" */,
			);
			productRefGroup = C329AA0C298865200054F058 /* Products */;
			projectDirPath = "";
			projectRoot = "";
			targets = (
				C329AA0A298865200054F058 /* NetworkQuality */,
			);
		};
/* End PBXProject section */

/* Begin PBXResourcesBuildPhase section */
		C329AA09298865200054F058 /* Resources */ = {
			isa = PBXResourcesBuildPhase;
			buildActionMask = 2147483647;
			files = (
				C329AA16298865220054F058 /* Preview Assets.xcassets in Resources */,
				C329AA13298865220054F058 /* Assets.xcassets in Resources */,
			);
			runOnlyForDeploymentPostprocessing = 0;
		};
/* End PBXResourcesBuildPhase section */

/* Begin PBXSourcesBuildPhase section */
		C329AA07298865200054F058 /* Sources */ = {
			isa = PBXSourcesBuildPhase;
			buildActionMask = 2147483647;
			files = (
				C329AA11298865200054F058 /* ContentView.swift in Sources */,
				C3A3FB65299445E000425CAF /* ShellUtility.swift in Sources */,
				C3A3FB5A299408E100425CAF /* DataController.swift in Sources */,
				C3A3FB5F2994427500425CAF /* NetworkMonitor.swift in Sources */,
				C3A3FB5D29940AA100425CAF /* NetworkQuality.xcdatamodeld in Sources */,
				C3A3FB632994434500425CAF /* NetworkData.swift in Sources */,
				C329AA0F298865200054F058 /* NetworkQualityApp.swift in Sources */,
				C3A3FB61299442BF00425CAF /* InterfaceData.swift in Sources */,
			);
			runOnlyForDeploymentPostprocessing = 0;
		};
/* End PBXSourcesBuildPhase section */

/* Begin XCBuildConfiguration section */
		C329AA18298865220054F058 /* Debug */ = {
			isa = XCBuildConfiguration;
			buildSettings = {
				ALWAYS_SEARCH_USER_PATHS = NO;
				CLANG_ANALYZER_NONNULL = YES;
				CLANG_ANALYZER_NUMBER_OBJECT_CONVERSION = YES_AGGRESSIVE;
				CLANG_CXX_LANGUAGE_STANDARD = "gnu++20";
				CLANG_ENABLE_MODULES = YES;
				CLANG_ENABLE_OBJC_ARC = YES;
				CLANG_ENABLE_OBJC_WEAK = YES;
				CLANG_WARN_BLOCK_CAPTURE_AUTORELEASING = YES;
				CLANG_WARN_BOOL_CONVERSION = YES;
				CLANG_WARN_COMMA = YES;
				CLANG_WARN_CONSTANT_CONVERSION = YES;
				CLANG_WARN_DEPRECATED_OBJC_IMPLEMENTATIONS = YES;
				CLANG_WARN_DIRECT_OBJC_ISA_USAGE = YES_ERROR;
				CLANG_WARN_DOCUMENTATION_COMMENTS = YES;
				CLANG_WARN_EMPTY_BODY = YES;
				CLANG_WARN_ENUM_CONVERSION = YES;
				CLANG_WARN_INFINITE_RECURSION = YES;
				CLANG_WARN_INT_CONVERSION = YES;
				CLANG_WARN_NON_LITERAL_NULL_CONVERSION = YES;
				CLANG_WARN_OBJC_IMPLICIT_RETAIN_SELF = YES;
				CLANG_WARN_OBJC_LITERAL_CONVERSION = YES;
				CLANG_WARN_OBJC_ROOT_CLASS = YES_ERROR;
				CLANG_WARN_QUOTED_INCLUDE_IN_FRAMEWORK_HEADER = YES;
				CLANG_WARN_RANGE_LOOP_ANALYSIS = YES;
				CLANG_WARN_STRICT_PROTOTYPES = YES;
				CLANG_WARN_SUSPICIOUS_MOVE = YES;
				CLANG_WARN_UNGUARDED_AVAILABILITY = YES_AGGRESSIVE;
				CLANG_WARN_UNREACHABLE_CODE = YES;
				CLANG_WARN__DUPLICATE_METHOD_MATCH = YES;
				COPY_PHASE_STRIP = NO;
				DEBUG_INFORMATION_FORMAT = dwarf;
				ENABLE_STRICT_OBJC_MSGSEND = YES;
				ENABLE_TESTABILITY = YES;
				GCC_C_LANGUAGE_STANDARD = gnu11;
				GCC_DYNAMIC_NO_PIC = NO;
				GCC_NO_COMMON_BLOCKS = YES;
				GCC_OPTIMIZATION_LEVEL = 0;
				GCC_PREPROCESSOR_DEFINITIONS = (
					"DEBUG=1",
					"$(inherited)",
				);
				GCC_WARN_64_TO_32_BIT_CONVERSION = YES;
				GCC_WARN_ABOUT_RETURN_TYPE = YES_ERROR;
				GCC_WARN_UNDECLARED_SELECTOR = YES;
				GCC_WARN_UNINITIALIZED_AUTOS = YES_AGGRESSIVE;
				GCC_WARN_UNUSED_FUNCTION = YES;
				GCC_WARN_UNUSED_VARIABLE = YES;
				MACOSX_DEPLOYMENT_TARGET = 13.1;
				MTL_ENABLE_DEBUG_INFO = INCLUDE_SOURCE;
				MTL_FAST_MATH = YES;
				ONLY_ACTIVE_ARCH = YES;
				SDKROOT = macosx;
				SWIFT_ACTIVE_COMPILATION_CONDITIONS = DEBUG;
				SWIFT_OPTIMIZATION_LEVEL = "-Onone";
			};
			name = Debug;
		};
		C329AA19298865220054F058 /* Release */ = {
			isa = XCBuildConfiguration;
			buildSettings = {
				ALWAYS_SEARCH_USER_PATHS = NO;
				CLANG_ANALYZER_NONNULL = YES;
				CLANG_ANALYZER_NUMBER_OBJECT_CONVERSION = YES_AGGRESSIVE;
				CLANG_CXX_LANGUAGE_STANDARD = "gnu++20";
				CLANG_ENABLE_MODULES = YES;
				CLANG_ENABLE_OBJC_ARC = YES;
				CLANG_ENABLE_OBJC_WEAK = YES;
				CLANG_WARN_BLOCK_CAPTURE_AUTORELEASING = YES;
				CLANG_WARN_BOOL_CONVERSION = YES;
				CLANG_WARN_COMMA = YES;
				CLANG_WARN_CONSTANT_CONVERSION = YES;
				CLANG_WARN_DEPRECATED_OBJC_IMPLEMENTATIONS = YES;
				CLANG_WARN_DIRECT_OBJC_ISA_USAGE = YES_ERROR;
				CLANG_WARN_DOCUMENTATION_COMMENTS = YES;
				CLANG_WARN_EMPTY_BODY = YES;
				CLANG_WARN_ENUM_CONVERSION = YES;
				CLANG_WARN_INFINITE_RECURSION = YES;
				CLANG_WARN_INT_CONVERSION = YES;
				CLANG_WARN_NON_LITERAL_NULL_CONVERSION = YES;
				CLANG_WARN_OBJC_IMPLICIT_RETAIN_SELF = YES;
				CLANG_WARN_OBJC_LITERAL_CONVERSION = YES;
				CLANG_WARN_OBJC_ROOT_CLASS = YES_ERROR;
				CLANG_WARN_QUOTED_INCLUDE_IN_FRAMEWORK_HEADER = YES;
				CLANG_WARN_RANGE_LOOP_ANALYSIS = YES;
				CLANG_WARN_STRICT_PROTOTYPES = YES;
				CLANG_WARN_SUSPICIOUS_MOVE = YES;
				CLANG_WARN_UNGUARDED_AVAILABILITY = YES_AGGRESSIVE;
				CLANG_WARN_UNREACHABLE_CODE = YES;
				CLANG_WARN__DUPLICATE_METHOD_MATCH = YES;
				COPY_PHASE_STRIP = NO;
				DEBUG_INFORMATION_FORMAT = "dwarf-with-dsym";
				ENABLE_NS_ASSERTIONS = NO;
				ENABLE_STRICT_OBJC_MSGSEND = YES;
				GCC_C_LANGUAGE_STANDARD = gnu11;
				GCC_NO_COMMON_BLOCKS = YES;
				GCC_WARN_64_TO_32_BIT_CONVERSION = YES;
				GCC_WARN_ABOUT_RETURN_TYPE = YES_ERROR;
				GCC_WARN_UNDECLARED_SELECTOR = YES;
				GCC_WARN_UNINITIALIZED_AUTOS = YES_AGGRESSIVE;
				GCC_WARN_UNUSED_FUNCTION = YES;
				GCC_WARN_UNUSED_VARIABLE = YES;
				MACOSX_DEPLOYMENT_TARGET = 13.1;
				MTL_ENABLE_DEBUG_INFO = NO;
				MTL_FAST_MATH = YES;
				SDKROOT = macosx;
				SWIFT_COMPILATION_MODE = wholemodule;
				SWIFT_OPTIMIZATION_LEVEL = "-O";
			};
			name = Release;
		};
		C329AA1B298865220054F058 /* Debug */ = {
			isa = XCBuildConfiguration;
			buildSettings = {
				ASSETCATALOG_COMPILER_APPICON_NAME = AppIcon;
				ASSETCATALOG_COMPILER_GLOBAL_ACCENT_COLOR_NAME = AccentColor;
				CODE_SIGN_ENTITLEMENTS = NetworkQuality/NetworkQuality.entitlements;
				CODE_SIGN_STYLE = Automatic;
				COMBINE_HIDPI_IMAGES = YES;
				CURRENT_PROJECT_VERSION = 1;
				DEVELOPMENT_ASSET_PATHS = "\"NetworkQuality/Preview Content\"";
				DEVELOPMENT_TEAM = U37XKVV7SY;
				ENABLE_HARDENED_RUNTIME = YES;
				ENABLE_PREVIEWS = YES;
				GENERATE_INFOPLIST_FILE = YES;
				INFOPLIST_KEY_LSApplicationCategoryType = "public.app-category.developer-tools";
				INFOPLIST_KEY_NSHumanReadableCopyright = "";
				LD_RUNPATH_SEARCH_PATHS = (
					"$(inherited)",
					"@executable_path/../Frameworks",
				);
				MACOSX_DEPLOYMENT_TARGET = 12.0;
				MARKETING_VERSION = 1.0;
				PRODUCT_BUNDLE_IDENTIFIER = com.gergelytamas.NetworkQuality;
				PRODUCT_NAME = "$(TARGET_NAME)";
				SWIFT_EMIT_LOC_STRINGS = YES;
				SWIFT_VERSION = 5.0;
			};
			name = Debug;
		};
		C329AA1C298865220054F058 /* Release */ = {
			isa = XCBuildConfiguration;
			buildSettings = {
				ASSETCATALOG_COMPILER_APPICON_NAME = AppIcon;
				ASSETCATALOG_COMPILER_GLOBAL_ACCENT_COLOR_NAME = AccentColor;
				CODE_SIGN_ENTITLEMENTS = NetworkQuality/NetworkQuality.entitlements;
				CODE_SIGN_STYLE = Automatic;
				COMBINE_HIDPI_IMAGES = YES;
				CURRENT_PROJECT_VERSION = 1;
				DEVELOPMENT_ASSET_PATHS = "\"NetworkQuality/Preview Content\"";
				DEVELOPMENT_TEAM = U37XKVV7SY;
				ENABLE_HARDENED_RUNTIME = YES;
				ENABLE_PREVIEWS = YES;
				GENERATE_INFOPLIST_FILE = YES;
				INFOPLIST_KEY_LSApplicationCategoryType = "public.app-category.developer-tools";
				INFOPLIST_KEY_NSHumanReadableCopyright = "";
				LD_RUNPATH_SEARCH_PATHS = (
					"$(inherited)",
					"@executable_path/../Frameworks",
				);
				MACOSX_DEPLOYMENT_TARGET = 12.0;
				MARKETING_VERSION = 1.0;
				PRODUCT_BUNDLE_IDENTIFIER = com.gergelytamas.NetworkQuality;
				PRODUCT_NAME = "$(TARGET_NAME)";
				SWIFT_EMIT_LOC_STRINGS = YES;
				SWIFT_VERSION = 5.0;
			};
			name = Release;
		};
/* End XCBuildConfiguration section */

/* Begin XCConfigurationList section */
		C329AA06298865200054F058 /* Build configuration list for PBXProject "NetworkQuality" */ = {
			isa = XCConfigurationList;
			buildConfigurations = (
				C329AA18298865220054F058 /* Debug */,
				C329AA19298865220054F058 /* Release */,
			);
			defaultConfigurationIsVisible = 0;
			defaultConfigurationName = Release;
		};
		C329AA1A298865220054F058 /* Build configuration list for PBXNativeTarget "NetworkQuality" */ = {
			isa = XCConfigurationList;
			buildConfigurations = (
				C329AA1B298865220054F058 /* Debug */,
				C329AA1C298865220054F058 /* Release */,
			);
			defaultConfigurationIsVisible = 0;
			defaultConfigurationName = Release;
		};
/* End XCConfigurationList section */

/* Begin XCRemoteSwiftPackageReference section */
		C329AA1D298867DB0054F058 /* XCRemoteSwiftPackageReference "swift-log" */ = {
			isa = XCRemoteSwiftPackageReference;
			repositoryURL = "http://github.com/apple/swift-log";
			requirement = {
				kind = upToNextMajorVersion;
				minimumVersion = 1.0.0;
			};
		};
/* End XCRemoteSwiftPackageReference section */

/* Begin XCSwiftPackageProductDependency section */
		C329AA1E298867DB0054F058 /* Logging */ = {
			isa = XCSwiftPackageProductDependency;
			package = C329AA1D298867DB0054F058 /* XCRemoteSwiftPackageReference "swift-log" */;
			productName = Logging;
		};
/* End XCSwiftPackageProductDependency section */

/* Begin XCVersionGroup section */
		C3A3FB5B29940AA100425CAF /* NetworkQuality.xcdatamodeld */ = {
			isa = XCVersionGroup;
			children = (
				C3A3FB5C29940AA100425CAF /* NetworkQuality.xcdatamodel */,
			);
			currentVersion = C3A3FB5C29940AA100425CAF /* NetworkQuality.xcdatamodel */;
			path = NetworkQuality.xcdatamodeld;
			sourceTree = "<group>";
			versionGroupType = wrapper.xcdatamodel;
		};
/* End XCVersionGroup section */
	};
	rootObject = C329AA03298865200054F058 /* Project object */;
}
